
Microsoft Visual Studio Solution File, Format Version 12.00
# Visual Studio 15
Project("{FAE04EC0-301F-11D3-BF4B-00C04F79EFBC}") = "Assembly-CSharp", "Assembly-CSharp.csproj", "{6092360B-9B91-D38B-0529-DC95AFC4ED51}"
EndProject
Project("{FAE04EC0-301F-11D3-BF4B-00C04F79EFBC}") = "Gaskellgames.CameraSystem", "Gaskellgames.CameraSystem.csproj", "{0D63A2D3-0088-C1EB-CDA0-CF6BFA711735}"
EndProject
Project("{FAE04EC0-301F-11D3-BF4B-00C04F79EFBC}") = "Assembly-CSharp-Editor", "Assembly-CSharp-Editor.csproj", "{21BB09A3-961A-18B2-C9FB-F9E46AC4B196}"
EndProject
Global
	GlobalSection(SolutionConfigurationPlatforms) = preSolution
		Debug|Any CPU = Debug|Any CPU
		Release|Any CPU = Release|Any CPU
	EndGlobalSection
	GlobalSection(ProjectConfigurationPlatforms) = postSolution
		{6092360B-9B91-D38B-0529-DC95AFC4ED51}.Debug|Any CPU.ActiveCfg = Debug|Any CPU
		{6092360B-9B91-D38B-0529-DC95AFC4ED51}.Debug|Any CPU.Build.0 = Debug|Any CPU
		{6092360B-9B91-D38B-0529-DC95AFC4ED51}.Release|Any CPU.ActiveCfg = Release|Any CPU
		{6092360B-9B91-D38B-0529-DC95AFC4ED51}.Release|Any CPU.Build.0 = Release|Any CPU
		{0D63A2D3-0088-C1EB-CDA0-CF6BFA711735}.Debug|Any CPU.ActiveCfg = Debug|Any CPU
		{0D63A2D3-0088-C1EB-CDA0-CF6BFA711735}.Debug|Any CPU.Build.0 = Debug|Any CPU
		{0D63A2D3-0088-C1EB-CDA0-CF6BFA711735}.Release|Any CPU.ActiveCfg = Release|Any CPU
		{0D63A2D3-0088-C1EB-CDA0-CF6BFA711735}.Release|Any CPU.Build.0 = Release|Any CPU
		{21BB09A3-961A-18B2-C9FB-F9E46AC4B196}.Debug|Any CPU.ActiveCfg = Debug|Any CPU
		{21BB09A3-961A-18B2-C9FB-F9E46AC4B196}.Debug|Any CPU.Build.0 = Debug|Any CPU
		{21BB09A3-961A-18B2-C9FB-F9E46AC4B196}.Release|Any CPU.ActiveCfg = Release|Any CPU
		{21BB09A3-961A-18B2-C9FB-F9E46AC4B196}.Release|Any CPU.Build.0 = Release|Any CPU
	EndGlobalSection
	GlobalSection(SolutionProperties) = preSolution
		HideSolutionNode = FALSE
	EndGlobalSection
EndGlobal
